PODS:
  - Brightcove-Player-Core (6.4.4):
    - Brightcove-Player-Core/default (= 6.4.4)
  - Brightcove-Player-Core/default (6.4.4)

DEPENDENCIES:
  - Brightcove-Player-Core

SPEC REPOS:
  https://github.com/brightcove/BrightcoveSpecs.git:
    - Brightcove-Player-Core

SPEC CHECKSUMS:
  Brightcove-Player-Core: 68e5ebe8c801064f46d92525f64753e509245596

PODFILE CHECKSUM: 47601f3f3967e8d400f96884d1737e564b16e287

COCOAPODS: 1.8.0
